
Microsoft Visual Studio Solution File, Format Version 12.00
# Visual Studio 15
VisualStudioVersion = 15.0.27130.2003
MinimumVisualStudioVersion = 10.0.40219.1
Project("{FAE04EC0-301F-11D3-BF4B-00C04F79EFBC}") = "SharpColorPicker", "SharpColorPicker\SharpColorPicker.csproj", "{FEAC1AB5-69FB-47CC-87D0-7C3DFB86C665}"
EndProject
Project("{FAE04EC0-301F-11D3-BF4B-00C04F79EFBC}") = "Test", "Test\Test.csproj", "{A5AD4CC0-02CD-4858-808D-C51DA269C6E4}"
EndProject
Global
	GlobalSection(SolutionConfigurationPlatforms) = preSolution
		Debug|Any CPU = Debug|Any CPU
		Release|Any CPU = Release|Any CPU
	EndGlobalSection
	GlobalSection(ProjectConfigurationPlatforms) = postSolution
		{FEAC1AB5-69FB-47CC-87D0-7C3DFB86C665}.Debug|Any CPU.ActiveCfg = Debug|Any CPU
		{FEAC1AB5-69FB-47CC-87D0-7C3DFB86C665}.Debug|Any CPU.Build.0 = Debug|Any CPU
		{FEAC1AB5-69FB-47CC-87D0-7C3DFB86C665}.Release|Any CPU.ActiveCfg = Release|Any CPU
		{FEAC1AB5-69FB-47CC-87D0-7C3DFB86C665}.Release|Any CPU.Build.0 = Release|Any CPU
		{A5AD4CC0-02CD-4858-808D-C51DA269C6E4}.Debug|Any CPU.ActiveCfg = Debug|Any CPU
		{A5AD4CC0-02CD-4858-808D-C51DA269C6E4}.Debug|Any CPU.Build.0 = Debug|Any CPU
		{A5AD4CC0-02CD-4858-808D-C51DA269C6E4}.Release|Any CPU.ActiveCfg = Release|Any CPU
		{A5AD4CC0-02CD-4858-808D-C51DA269C6E4}.Release|Any CPU.Build.0 = Release|Any CPU
	EndGlobalSection
	GlobalSection(SolutionProperties) = preSolution
		HideSolutionNode = FALSE
	EndGlobalSection
	GlobalSection(ExtensibilityGlobals) = postSolution
		SolutionGuid = {FB2C7FAE-BE54-43C3-9774-CFFF2D8F7A3E}
	EndGlobalSection
EndGlobal
